
Microsoft Visual Studio Solution File, Format Version 12.00
# Visual Studio Version 17
VisualStudioVersion = 17.10.35013.160
MinimumVisualStudioVersion = 10.0.40219.1
Project("{FAE04EC0-301F-11D3-BF4B-00C04F79EFBC}") = "AssetTree-Tool", "AssetTree-Tool.csproj", "{353F0233-C5FB-4BBB-BD8A-9634C526245D}"
EndProject
Global
	GlobalSection(SolutionConfigurationPlatforms) = preSolution
		Debug|Any CPU = Debug|Any CPU
		Release|Any CPU = Release|Any CPU
	EndGlobalSection
	GlobalSection(ProjectConfigurationPlatforms) = postSolution
		{353F0233-C5FB-4BBB-BD8A-9634C526245D}.Debug|Any CPU.ActiveCfg = Debug|Any CPU
		{353F0233-C5FB-4BBB-BD8A-9634C526245D}.Debug|Any CPU.Build.0 = Debug|Any CPU
		{353F0233-C5FB-4BBB-BD8A-9634C526245D}.Release|Any CPU.ActiveCfg = Release|Any CPU
		{353F0233-C5FB-4BBB-BD8A-9634C526245D}.Release|Any CPU.Build.0 = Release|Any CPU
	EndGlobalSection
	GlobalSection(SolutionProperties) = preSolution
		HideSolutionNode = FALSE
	EndGlobalSection
	GlobalSection(ExtensibilityGlobals) = postSolution
		SolutionGuid = {A41728EC-5BEE-4C3E-AD23-80FFE7E92B99}
	EndGlobalSection
EndGlobal
